
Microsoft Visual Studio Solution File, Format Version 12.00
# Visual Studio 14
VisualStudioVersion = 14.0.25420.1
MinimumVisualStudioVersion = 10.0.40219.1
Project("{FAE04EC0-301F-11D3-BF4B-00C04F79EFBC}") = "IGL.Service", "IGL.Service\IGL.Service.csproj", "{EA39C028-BD81-40F2-ADAB-B1C52954C6C5}"
EndProject
Project("{FAE04EC0-301F-11D3-BF4B-00C04F79EFBC}") = "IGL.Service.Tests", "IGL.Service.Tests\IGL.Service.Tests.csproj", "{96B7EA99-7D17-48BE-9787-62FDA1CF365B}"
EndProject
Project("{2150E333-8FDC-42A3-9474-1A3956D46DE8}") = "Service", "Service", "{D7572955-4B9F-4817-A9A1-4CA4B496C42B}"
EndProject
Project("{2150E333-8FDC-42A3-9474-1A3956D46DE8}") = "Common", "Common", "{5640050D-8686-4C7C-BE0C-FC23D5CA62DF}"
EndProject
Project("{FAE04EC0-301F-11D3-BF4B-00C04F79EFBC}") = "IGL.Common", "IGL.Common\IGL.Common.csproj", "{3BA5E8CC-004D-44A2-A525-B11A25502670}"
EndProject
Project("{2150E333-8FDC-42A3-9474-1A3956D46DE8}") = "Solution Items", "Solution Items", "{7BF495E3-2609-4D00-ACA0-6988E3C74BD7}"
EndProject
Project("{FAE04EC0-301F-11D3-BF4B-00C04F79EFBC}") = "IGL.Common.Tests", "IGL.Common.Tests\IGL.Common.Tests.csproj", "{3552156E-C730-4E9F-AE18-611D9E73119E}"
EndProject
Project("{2150E333-8FDC-42A3-9474-1A3956D46DE8}") = "Data", "Data", "{7E9D1C76-2E96-47E1-9EA0-2A8489432844}"
EndProject
Project("{FAE04EC0-301F-11D3-BF4B-00C04F79EFBC}") = "IGL.Data", "IGL.Data\IGL.Data.csproj", "{5733A81D-C41A-44BB-8F76-2E0F2E3F56C9}"
EndProject
Project("{FAE04EC0-301F-11D3-BF4B-00C04F79EFBC}") = "IGL.Data.Test", "IGL.Data.Test\IGL.Data.Test.csproj", "{FDEEEAD1-8211-4D0C-B208-E7D30242D281}"
EndProject
Project("{FAE04EC0-301F-11D3-BF4B-00C04F79EFBC}") = "IGL.Service.Common", "IGL.Service.Common\IGL.Service.Common.csproj", "{F84949DD-4B34-488E-A52F-C8C43613ACB2}"
EndProject
Global
	GlobalSection(SolutionConfigurationPlatforms) = preSolution
		Debug|Any CPU = Debug|Any CPU
		Release|Any CPU = Release|Any CPU
	EndGlobalSection
	GlobalSection(ProjectConfigurationPlatforms) = postSolution
		{EA39C028-BD81-40F2-ADAB-B1C52954C6C5}.Debug|Any CPU.ActiveCfg = Debug|Any CPU
		{EA39C028-BD81-40F2-ADAB-B1C52954C6C5}.Debug|Any CPU.Build.0 = Debug|Any CPU
		{EA39C028-BD81-40F2-ADAB-B1C52954C6C5}.Release|Any CPU.ActiveCfg = Release|Any CPU
		{EA39C028-BD81-40F2-ADAB-B1C52954C6C5}.Release|Any CPU.Build.0 = Release|Any CPU
		{96B7EA99-7D17-48BE-9787-62FDA1CF365B}.Debug|Any CPU.ActiveCfg = Debug|Any CPU
		{96B7EA99-7D17-48BE-9787-62FDA1CF365B}.Debug|Any CPU.Build.0 = Debug|Any CPU
		{96B7EA99-7D17-48BE-9787-62FDA1CF365B}.Release|Any CPU.ActiveCfg = Release|Any CPU
		{96B7EA99-7D17-48BE-9787-62FDA1CF365B}.Release|Any CPU.Build.0 = Release|Any CPU
		{3BA5E8CC-004D-44A2-A525-B11A25502670}.Debug|Any CPU.ActiveCfg = Debug|Any CPU
		{3BA5E8CC-004D-44A2-A525-B11A25502670}.Debug|Any CPU.Build.0 = Debug|Any CPU
		{3BA5E8CC-004D-44A2-A525-B11A25502670}.Release|Any CPU.ActiveCfg = Release|Any CPU
		{3BA5E8CC-004D-44A2-A525-B11A25502670}.Release|Any CPU.Build.0 = Release|Any CPU
		{3552156E-C730-4E9F-AE18-611D9E73119E}.Debug|Any CPU.ActiveCfg = Debug|Any CPU
		{3552156E-C730-4E9F-AE18-611D9E73119E}.Debug|Any CPU.Build.0 = Debug|Any CPU
		{3552156E-C730-4E9F-AE18-611D9E73119E}.Release|Any CPU.ActiveCfg = Release|Any CPU
		{3552156E-C730-4E9F-AE18-611D9E73119E}.Release|Any CPU.Build.0 = Release|Any CPU
		{5733A81D-C41A-44BB-8F76-2E0F2E3F56C9}.Debug|Any CPU.ActiveCfg = Debug|Any CPU
		{5733A81D-C41A-44BB-8F76-2E0F2E3F56C9}.Debug|Any CPU.Build.0 = Debug|Any CPU
		{5733A81D-C41A-44BB-8F76-2E0F2E3F56C9}.Release|Any CPU.ActiveCfg = Release|Any CPU
		{5733A81D-C41A-44BB-8F76-2E0F2E3F56C9}.Release|Any CPU.Build.0 = Release|Any CPU
		{FDEEEAD1-8211-4D0C-B208-E7D30242D281}.Debug|Any CPU.ActiveCfg = Debug|Any CPU
		{FDEEEAD1-8211-4D0C-B208-E7D30242D281}.Debug|Any CPU.Build.0 = Debug|Any CPU
		{FDEEEAD1-8211-4D0C-B208-E7D30242D281}.Release|Any CPU.ActiveCfg = Release|Any CPU
		{FDEEEAD1-8211-4D0C-B208-E7D30242D281}.Release|Any CPU.Build.0 = Release|Any CPU
		{F84949DD-4B34-488E-A52F-C8C43613ACB2}.Debug|Any CPU.ActiveCfg = Debug|Any CPU
		{F84949DD-4B34-488E-A52F-C8C43613ACB2}.Debug|Any CPU.Build.0 = Debug|Any CPU
		{F84949DD-4B34-488E-A52F-C8C43613ACB2}.Release|Any CPU.ActiveCfg = Release|Any CPU
		{F84949DD-4B34-488E-A52F-C8C43613ACB2}.Release|Any CPU.Build.0 = Release|Any CPU
	EndGlobalSection
	GlobalSection(SolutionProperties) = preSolution
		HideSolutionNode = FALSE
	EndGlobalSection
	GlobalSection(NestedProjects) = preSolution
		{EA39C028-BD81-40F2-ADAB-B1C52954C6C5} = {D7572955-4B9F-4817-A9A1-4CA4B496C42B}
		{96B7EA99-7D17-48BE-9787-62FDA1CF365B} = {D7572955-4B9F-4817-A9A1-4CA4B496C42B}
		{3BA5E8CC-004D-44A2-A525-B11A25502670} = {5640050D-8686-4C7C-BE0C-FC23D5CA62DF}
		{3552156E-C730-4E9F-AE18-611D9E73119E} = {5640050D-8686-4C7C-BE0C-FC23D5CA62DF}
		{5733A81D-C41A-44BB-8F76-2E0F2E3F56C9} = {7E9D1C76-2E96-47E1-9EA0-2A8489432844}
		{FDEEEAD1-8211-4D0C-B208-E7D30242D281} = {7E9D1C76-2E96-47E1-9EA0-2A8489432844}
		{F84949DD-4B34-488E-A52F-C8C43613ACB2} = {D7572955-4B9F-4817-A9A1-4CA4B496C42B}
	EndGlobalSection
EndGlobal
