
Microsoft Visual Studio Solution File, Format Version 12.00
# Visual Studio 15
VisualStudioVersion = 15.0.27703.2035
MinimumVisualStudioVersion = 10.0.40219.1
Project("{9A19103F-16F7-4668-BE54-9A1E7A4F7556}") = "IGL.Common", "IGL.Common\IGL.Common.csproj", "{5B709AF8-DA9C-4E16-B116-FF3BFB75B418}"
EndProject
Project("{9A19103F-16F7-4668-BE54-9A1E7A4F7556}") = "IGL.Common.Tests", "IGL.Common.Tests\IGL.Common.Tests.csproj", "{5FCE8317-4F36-4688-92ED-A3C8421B04DD}"
EndProject
Project("{9A19103F-16F7-4668-BE54-9A1E7A4F7556}") = "IGL.Service", "IGL.Service\IGL.Service.csproj", "{565E1B22-F123-4E84-A760-838069050537}"
EndProject
Project("{FAE04EC0-301F-11D3-BF4B-00C04F79EFBC}") = "IGL.Service.Tests", "IGL.Service.Tests\IGL.Service.Tests.csproj", "{D2BEEA55-6784-4A34-A03A-927B2C5F2E68}"
EndProject
Global
	GlobalSection(SolutionConfigurationPlatforms) = preSolution
		Debug|Any CPU = Debug|Any CPU
		Release|Any CPU = Release|Any CPU
	EndGlobalSection
	GlobalSection(ProjectConfigurationPlatforms) = postSolution
		{5B709AF8-DA9C-4E16-B116-FF3BFB75B418}.Debug|Any CPU.ActiveCfg = Debug|Any CPU
		{5B709AF8-DA9C-4E16-B116-FF3BFB75B418}.Debug|Any CPU.Build.0 = Debug|Any CPU
		{5B709AF8-DA9C-4E16-B116-FF3BFB75B418}.Release|Any CPU.ActiveCfg = Release|Any CPU
		{5B709AF8-DA9C-4E16-B116-FF3BFB75B418}.Release|Any CPU.Build.0 = Release|Any CPU
		{5FCE8317-4F36-4688-92ED-A3C8421B04DD}.Debug|Any CPU.ActiveCfg = Debug|Any CPU
		{5FCE8317-4F36-4688-92ED-A3C8421B04DD}.Debug|Any CPU.Build.0 = Debug|Any CPU
		{5FCE8317-4F36-4688-92ED-A3C8421B04DD}.Release|Any CPU.ActiveCfg = Release|Any CPU
		{5FCE8317-4F36-4688-92ED-A3C8421B04DD}.Release|Any CPU.Build.0 = Release|Any CPU
		{565E1B22-F123-4E84-A760-838069050537}.Debug|Any CPU.ActiveCfg = Debug|Any CPU
		{565E1B22-F123-4E84-A760-838069050537}.Debug|Any CPU.Build.0 = Debug|Any CPU
		{565E1B22-F123-4E84-A760-838069050537}.Release|Any CPU.ActiveCfg = Release|Any CPU
		{565E1B22-F123-4E84-A760-838069050537}.Release|Any CPU.Build.0 = Release|Any CPU
		{D2BEEA55-6784-4A34-A03A-927B2C5F2E68}.Debug|Any CPU.ActiveCfg = Debug|Any CPU
		{D2BEEA55-6784-4A34-A03A-927B2C5F2E68}.Debug|Any CPU.Build.0 = Debug|Any CPU
		{D2BEEA55-6784-4A34-A03A-927B2C5F2E68}.Release|Any CPU.ActiveCfg = Release|Any CPU
		{D2BEEA55-6784-4A34-A03A-927B2C5F2E68}.Release|Any CPU.Build.0 = Release|Any CPU
	EndGlobalSection
	GlobalSection(SolutionProperties) = preSolution
		HideSolutionNode = FALSE
	EndGlobalSection
	GlobalSection(ExtensibilityGlobals) = postSolution
		SolutionGuid = {3E1C0F6C-F844-4B9B-BEC4-2C0A5FBF4C85}
	EndGlobalSection
EndGlobal
